
Microsoft Visual Studio Solution File, Format Version 12.00
# Visual Studio Version 16
VisualStudioVersion = 16.0.29613.14
MinimumVisualStudioVersion = 10.0.40219.1
Project("{FAE04EC0-301F-11D3-BF4B-00C04F79EFBC}") = "CreaturesTestCore", "CreaturesTestCore\CreaturesTestCore.csproj", "{BB8F9610-0614-4B72-9473-92CDB642BF14}"
EndProject
Project("{FAE04EC0-301F-11D3-BF4B-00C04F79EFBC}") = "CreaturesLibraryCore", "CreaturesLibraryCore\CreaturesLibraryCore.csproj", "{CDBB47CB-20C0-4F5F-AE24-2647A31BEFFA}"
EndProject
Project("{FAE04EC0-301F-11D3-BF4B-00C04F79EFBC}") = "CreatureAnalyzerCore", "CreatureAnalyzerCore\CreatureAnalyzerCore.csproj", "{79842FF3-0898-4203-B3CA-05BB181856F7}"
EndProject
Project("{FAE04EC0-301F-11D3-BF4B-00C04F79EFBC}") = "CreatureGeneratorCore", "CreatureGeneratorCore\CreatureGeneratorCore.csproj", "{52D1FE7F-BBAC-4476-9C6F-E99CDBF75B44}"
EndProject
Global
	GlobalSection(SolutionConfigurationPlatforms) = preSolution
		Debug|Any CPU = Debug|Any CPU
		Release|Any CPU = Release|Any CPU
	EndGlobalSection
	GlobalSection(ProjectConfigurationPlatforms) = postSolution
		{BB8F9610-0614-4B72-9473-92CDB642BF14}.Debug|Any CPU.ActiveCfg = Debug|Any CPU
		{BB8F9610-0614-4B72-9473-92CDB642BF14}.Debug|Any CPU.Build.0 = Debug|Any CPU
		{BB8F9610-0614-4B72-9473-92CDB642BF14}.Release|Any CPU.ActiveCfg = Release|Any CPU
		{BB8F9610-0614-4B72-9473-92CDB642BF14}.Release|Any CPU.Build.0 = Release|Any CPU
		{CDBB47CB-20C0-4F5F-AE24-2647A31BEFFA}.Debug|Any CPU.ActiveCfg = Debug|Any CPU
		{CDBB47CB-20C0-4F5F-AE24-2647A31BEFFA}.Debug|Any CPU.Build.0 = Debug|Any CPU
		{CDBB47CB-20C0-4F5F-AE24-2647A31BEFFA}.Release|Any CPU.ActiveCfg = Release|Any CPU
		{CDBB47CB-20C0-4F5F-AE24-2647A31BEFFA}.Release|Any CPU.Build.0 = Release|Any CPU
		{79842FF3-0898-4203-B3CA-05BB181856F7}.Debug|Any CPU.ActiveCfg = Debug|Any CPU
		{79842FF3-0898-4203-B3CA-05BB181856F7}.Debug|Any CPU.Build.0 = Debug|Any CPU
		{79842FF3-0898-4203-B3CA-05BB181856F7}.Release|Any CPU.ActiveCfg = Release|Any CPU
		{79842FF3-0898-4203-B3CA-05BB181856F7}.Release|Any CPU.Build.0 = Release|Any CPU
		{52D1FE7F-BBAC-4476-9C6F-E99CDBF75B44}.Debug|Any CPU.ActiveCfg = Debug|Any CPU
		{52D1FE7F-BBAC-4476-9C6F-E99CDBF75B44}.Debug|Any CPU.Build.0 = Debug|Any CPU
		{52D1FE7F-BBAC-4476-9C6F-E99CDBF75B44}.Release|Any CPU.ActiveCfg = Release|Any CPU
		{52D1FE7F-BBAC-4476-9C6F-E99CDBF75B44}.Release|Any CPU.Build.0 = Release|Any CPU
	EndGlobalSection
	GlobalSection(SolutionProperties) = preSolution
		HideSolutionNode = FALSE
	EndGlobalSection
	GlobalSection(ExtensibilityGlobals) = postSolution
		SolutionGuid = {B8C29394-9AB5-47E9-91F3-C860774CA5FC}
	EndGlobalSection
EndGlobal
